
Microsoft Visual Studio Solution File, Format Version 12.00
# Visual Studio Version 16
VisualStudioVersion = 16.0.31112.23
MinimumVisualStudioVersion = 10.0.40219.1
Project("{FAE04EC0-301F-11D3-BF4B-00C04F79EFBC}") = "Container(4-1)", "Container(4-1)\Container(4-1).csproj", "{59486C44-1C5E-4212-A022-5DA84C86E4FE}"
EndProject
Global
	GlobalSection(SolutionConfigurationPlatforms) = preSolution
		Debug|Any CPU = Debug|Any CPU
		Release|Any CPU = Release|Any CPU
	EndGlobalSection
	GlobalSection(ProjectConfigurationPlatforms) = postSolution
		{59486C44-1C5E-4212-A022-5DA84C86E4FE}.Debug|Any CPU.ActiveCfg = Debug|Any CPU
		{59486C44-1C5E-4212-A022-5DA84C86E4FE}.Debug|Any CPU.Build.0 = Debug|Any CPU
		{59486C44-1C5E-4212-A022-5DA84C86E4FE}.Release|Any CPU.ActiveCfg = Release|Any CPU
		{59486C44-1C5E-4212-A022-5DA84C86E4FE}.Release|Any CPU.Build.0 = Release|Any CPU
	EndGlobalSection
	GlobalSection(SolutionProperties) = preSolution
		HideSolutionNode = FALSE
	EndGlobalSection
	GlobalSection(ExtensibilityGlobals) = postSolution
		SolutionGuid = {04AC974B-A30D-469B-BCA0-C6F04D72AEBC}
	EndGlobalSection
EndGlobal
